// !$*UTF8*$!
{
	archiveVersion = 1;
	classes = {
	};
	objectVersion = 50;
	objects = {

/* Begin PBXBuildFile section */
		6516B28A21B592D4002537C3 /* GMapStyleLight.json in Resources */ = {isa = PBXBuildFile; fileRef = 6516B28921B592D4002537C3 /* GMapStyleLight.json */; };
		6516B28E21B59F1E002537C3 /* ThirdViewController.swift in Sources */ = {isa = PBXBuildFile; fileRef = 6516B28D21B59F1E002537C3 /* ThirdViewController.swift */; };
		6519D5E7219AA4EC00B2AE76 /* Circle@2x.png in Resources */ = {isa = PBXBuildFile; fileRef = 6519D5E4219AA4EC00B2AE76 /* Circle@2x.png */; };
		6519D5E8219AA4EC00B2AE76 /* Circle@3x.png in Resources */ = {isa = PBXBuildFile; fileRef = 6519D5E5219AA4EC00B2AE76 /* Circle@3x.png */; };
		6519D5E9219AA4EC00B2AE76 /* Circle@1x.png in Resources */ = {isa = PBXBuildFile; fileRef = 6519D5E6219AA4EC00B2AE76 /* Circle@1x.png */; };
		651EF60D21B7699100EBB626 /* Baltimore.gpx in Resources */ = {isa = PBXBuildFile; fileRef = 651EF60A21B7699100EBB626 /* Baltimore.gpx */; };
		651EF60E21B7699100EBB626 /* Chicago.gpx in Resources */ = {isa = PBXBuildFile; fileRef = 651EF60B21B7699100EBB626 /* Chicago.gpx */; };
		651EF60F21B7699100EBB626 /* AnnArbor.gpx in Resources */ = {isa = PBXBuildFile; fileRef = 651EF60C21B7699100EBB626 /* AnnArbor.gpx */; };
		65AAB928219673BA0097F9C7 /* Settings@3x.png in Resources */ = {isa = PBXBuildFile; fileRef = 65AAB91F219673B90097F9C7 /* Settings@3x.png */; };
		65AAB929219673BA0097F9C7 /* Settings@1x.png in Resources */ = {isa = PBXBuildFile; fileRef = 65AAB920219673BA0097F9C7 /* Settings@1x.png */; };
		65AAB92A219673BA0097F9C7 /* Home@1x.png in Resources */ = {isa = PBXBuildFile; fileRef = 65AAB921219673BA0097F9C7 /* Home@1x.png */; };
		65AAB92B219673BA0097F9C7 /* Map@2x.png in Resources */ = {isa = PBXBuildFile; fileRef = 65AAB922219673BA0097F9C7 /* Map@2x.png */; };
		65AAB92C219673BA0097F9C7 /* Map@3x.png in Resources */ = {isa = PBXBuildFile; fileRef = 65AAB923219673BA0097F9C7 /* Map@3x.png */; };
		65AAB92D219673BA0097F9C7 /* Settings@2x.png in Resources */ = {isa = PBXBuildFile; fileRef = 65AAB924219673BA0097F9C7 /* Settings@2x.png */; };
		65AAB92E219673BA0097F9C7 /* Home@3x.png in Resources */ = {isa = PBXBuildFile; fileRef = 65AAB925219673BA0097F9C7 /* Home@3x.png */; };
		65AAB92F219673BA0097F9C7 /* Map@1x.png in Resources */ = {isa = PBXBuildFile; fileRef = 65AAB926219673BA0097F9C7 /* Map@1x.png */; };
		65AAB930219673BA0097F9C7 /* Home@2x.png in Resources */ = {isa = PBXBuildFile; fileRef = 65AAB927219673BA0097F9C7 /* Home@2x.png */; };
		65AAB93321967A120097F9C7 /* AmaticSC-Bold.ttf in Resources */ = {isa = PBXBuildFile; fileRef = 65AAB93121967A120097F9C7 /* AmaticSC-Bold.ttf */; };
		65AAB93421967A120097F9C7 /* AmaticSC-Regular.ttf in Resources */ = {isa = PBXBuildFile; fileRef = 65AAB93221967A120097F9C7 /* AmaticSC-Regular.ttf */; };
		65AEB5DE21B614AE007FF406 /* YellowBW@1x.png in Resources */ = {isa = PBXBuildFile; fileRef = 65AEB5C321B614AD007FF406 /* YellowBW@1x.png */; };
		65AEB5DF21B614AE007FF406 /* Red@1x.png in Resources */ = {isa = PBXBuildFile; fileRef = 65AEB5C421B614AD007FF406 /* Red@1x.png */; };
		65AEB5E021B614AE007FF406 /* GreenT@3x.png in Resources */ = {isa = PBXBuildFile; fileRef = 65AEB5C521B614AD007FF406 /* GreenT@3x.png */; };
		65AEB5E121B614AE007FF406 /* Yellow@1x.png in Resources */ = {isa = PBXBuildFile; fileRef = 65AEB5C621B614AD007FF406 /* Yellow@1x.png */; };
		65AEB5E221B614AE007FF406 /* GreenBW@1x.png in Resources */ = {isa = PBXBuildFile; fileRef = 65AEB5C721B614AD007FF406 /* GreenBW@1x.png */; };
		65AEB5E321B614AE007FF406 /* Yellow@3x.png in Resources */ = {isa = PBXBuildFile; fileRef = 65AEB5C821B614AD007FF406 /* Yellow@3x.png */; };
		65AEB5E421B614AE007FF406 /* Red@3x.png in Resources */ = {isa = PBXBuildFile; fileRef = 65AEB5C921B614AD007FF406 /* Red@3x.png */; };
		65AEB5E521B614AE007FF406 /* YellowBW@2x.png in Resources */ = {isa = PBXBuildFile; fileRef = 65AEB5CA21B614AD007FF406 /* YellowBW@2x.png */; };
		65AEB5E621B614AE007FF406 /* Green@2x.png in Resources */ = {isa = PBXBuildFile; fileRef = 65AEB5CB21B614AD007FF406 /* Green@2x.png */; };
		65AEB5E721B614AE007FF406 /* RedT@1x.png in Resources */ = {isa = PBXBuildFile; fileRef = 65AEB5CC21B614AD007FF406 /* RedT@1x.png */; };
		65AEB5E821B614AE007FF406 /* GreenBW@3x.png in Resources */ = {isa = PBXBuildFile; fileRef = 65AEB5CD21B614AD007FF406 /* GreenBW@3x.png */; };
		65AEB5E921B614AE007FF406 /* GreenT@1x.png in Resources */ = {isa = PBXBuildFile; fileRef = 65AEB5CE21B614AD007FF406 /* GreenT@1x.png */; };
		65AEB5EA21B614AE007FF406 /* YellowBW@3x.png in Resources */ = {isa = PBXBuildFile; fileRef = 65AEB5CF21B614AD007FF406 /* YellowBW@3x.png */; };
		65AEB5EB21B614AE007FF406 /* RedBW@1x.png in Resources */ = {isa = PBXBuildFile; fileRef = 65AEB5D021B614AE007FF406 /* RedBW@1x.png */; };
		65AEB5EC21B614AE007FF406 /* RedT@2x.png in Resources */ = {isa = PBXBuildFile; fileRef = 65AEB5D121B614AE007FF406 /* RedT@2x.png */; };
		65AEB5ED21B614AE007FF406 /* RedT@3x.png in Resources */ = {isa = PBXBuildFile; fileRef = 65AEB5D221B614AE007FF406 /* RedT@3x.png */; };
		65AEB5EE21B614AE007FF406 /* YellowT@1x.png in Resources */ = {isa = PBXBuildFile; fileRef = 65AEB5D321B614AE007FF406 /* YellowT@1x.png */; };
		65AEB5EF21B614AE007FF406 /* YellowT@2x.png in Resources */ = {isa = PBXBuildFile; fileRef = 65AEB5D421B614AE007FF406 /* YellowT@2x.png */; };
		65AEB5F021B614AE007FF406 /* YellowT@3x.png in Resources */ = {isa = PBXBuildFile; fileRef = 65AEB5D521B614AE007FF406 /* YellowT@3x.png */; };
		65AEB5F121B614AE007FF406 /* GreenT@2x.png in Resources */ = {isa = PBXBuildFile; fileRef = 65AEB5D621B614AE007FF406 /* GreenT@2x.png */; };
		65AEB5F221B614AE007FF406 /* Red@2x.png in Resources */ = {isa = PBXBuildFile; fileRef = 65AEB5D721B614AE007FF406 /* Red@2x.png */; };
		65AEB5F321B614AE007FF406 /* Green@1x.png in Resources */ = {isa = PBXBuildFile; fileRef = 65AEB5D821B614AE007FF406 /* Green@1x.png */; };
		65AEB5F421B614AE007FF406 /* Green@3x.png in Resources */ = {isa = PBXBuildFile; fileRef = 65AEB5D921B614AE007FF406 /* Green@3x.png */; };
		65AEB5F521B614AE007FF406 /* Yellow@2x.png in Resources */ = {isa = PBXBuildFile; fileRef = 65AEB5DA21B614AE007FF406 /* Yellow@2x.png */; };
		65AEB5F621B614AE007FF406 /* RedBW@2x.png in Resources */ = {isa = PBXBuildFile; fileRef = 65AEB5DB21B614AE007FF406 /* RedBW@2x.png */; };
		65AEB5F721B614AE007FF406 /* RedBW@3x.png in Resources */ = {isa = PBXBuildFile; fileRef = 65AEB5DC21B614AE007FF406 /* RedBW@3x.png */; };
		65AEB5F821B614AE007FF406 /* GreenBW@2x.png in Resources */ = {isa = PBXBuildFile; fileRef = 65AEB5DD21B614AE007FF406 /* GreenBW@2x.png */; };
		65B3ECF42196531B00C83DCE /* SGLaunchTEST.png in Resources */ = {isa = PBXBuildFile; fileRef = 65B3ECF32196531B00C83DCE /* SGLaunchTEST.png */; };
		6C4D805021879B6A00672731 /* AppDelegate.swift in Sources */ = {isa = PBXBuildFile; fileRef = 6C4D804F21879B6A00672731 /* AppDelegate.swift */; };
		6C4D805221879B6A00672731 /* FirstViewController.swift in Sources */ = {isa = PBXBuildFile; fileRef = 6C4D805121879B6A00672731 /* FirstViewController.swift */; };
		6C4D805421879B6A00672731 /* SecondViewController.swift in Sources */ = {isa = PBXBuildFile; fileRef = 6C4D805321879B6A00672731 /* SecondViewController.swift */; };
		6C4D805721879B6A00672731 /* Main.storyboard in Resources */ = {isa = PBXBuildFile; fileRef = 6C4D805521879B6A00672731 /* Main.storyboard */; };
		6C4D805921879B6C00672731 /* Assets.xcassets in Resources */ = {isa = PBXBuildFile; fileRef = 6C4D805821879B6C00672731 /* Assets.xcassets */; };
		6C4D805C21879B6D00672731 /* LaunchScreen.storyboard in Resources */ = {isa = PBXBuildFile; fileRef = 6C4D805A21879B6D00672731 /* LaunchScreen.storyboard */; };
		6C4D806E21879C9900672731 /* Images.xcassets in Resources */ = {isa = PBXBuildFile; fileRef = 6C4D806D21879C9900672731 /* Images.xcassets */; };
		6C4D807321879D4300672731 /* MarkerInfoView.swift in Sources */ = {isa = PBXBuildFile; fileRef = 6C4D807021879D4200672731 /* MarkerInfoView.swift */; };
		6C4D807421879D4300672731 /* MarkerInfoView.xib in Resources */ = {isa = PBXBuildFile; fileRef = 6C4D807121879D4200672731 /* MarkerInfoView.xib */; };
		6C4D807521879D4300672731 /* UIViewExtension.swift in Sources */ = {isa = PBXBuildFile; fileRef = 6C4D807221879D4200672731 /* UIViewExtension.swift */; };
		6C5B2E3A2189EEFE00F15552 /* GMapStyle.json in Resources */ = {isa = PBXBuildFile; fileRef = 6C5B2E392189EE8700F15552 /* GMapStyle.json */; };
		6C6DA91F219E41EF00994ED9 /* CowMooCow.gpx in Resources */ = {isa = PBXBuildFile; fileRef = 6C6DA91E219E41EE00994ED9 /* CowMooCow.gpx */; };
		6CDA3B6E219A088700627DCF /* SharedNotificationManager.swift in Sources */ = {isa = PBXBuildFile; fileRef = 6CDA3B6D219A088700627DCF /* SharedNotificationManager.swift */; };
		6CE5E18A21976E41008F2F09 /* ApiHelpers.swift in Sources */ = {isa = PBXBuildFile; fileRef = 6CE5E18921976E41008F2F09 /* ApiHelpers.swift */; };
		6CE5E18D2197718B008F2F09 /* ApiResultShapes.swift in Sources */ = {isa = PBXBuildFile; fileRef = 6CE5E18C2197718B008F2F09 /* ApiResultShapes.swift */; };
		6CE5E18F21977A45008F2F09 /* SharedLocationManager.swift in Sources */ = {isa = PBXBuildFile; fileRef = 6CE5E18E21977A45008F2F09 /* SharedLocationManager.swift */; };
		6CE5E19121978344008F2F09 /* Globals.swift in Sources */ = {isa = PBXBuildFile; fileRef = 6CE5E19021978344008F2F09 /* Globals.swift */; };
		DF5B07EC3377E188AF3870DC /* Pods_SafeGuide.framework in Frameworks */ = {isa = PBXBuildFile; fileRef = AC5DE542865511DF1E8145A4 /* Pods_SafeGuide.framework */; };
/* End PBXBuildFile section */

/* Begin PBXFileReference section */
		6516B28921B592D4002537C3 /* GMapStyleLight.json */ = {isa = PBXFileReference; lastKnownFileType = text.json; path = GMapStyleLight.json; sourceTree = "<group>"; };
		6516B28D21B59F1E002537C3 /* ThirdViewController.swift */ = {isa = PBXFileReference; lastKnownFileType = sourcecode.swift; path = ThirdViewController.swift; sourceTree = "<group>"; };
		6519D5E4219AA4EC00B2AE76 /* Circle@2x.png */ = {isa = PBXFileReference; lastKnownFileType = image.png; name = "Circle@2x.png"; path = "../../../../graphics/InAppGraphics/Circle@2x.png"; sourceTree = "<group>"; };
		6519D5E5219AA4EC00B2AE76 /* Circle@3x.png */ = {isa = PBXFileReference; lastKnownFileType = image.png; name = "Circle@3x.png"; path = "../../../../graphics/InAppGraphics/Circle@3x.png"; sourceTree = "<group>"; };
		6519D5E6219AA4EC00B2AE76 /* Circle@1x.png */ = {isa = PBXFileReference; lastKnownFileType = image.png; name = "Circle@1x.png"; path = "../../../../graphics/InAppGraphics/Circle@1x.png"; sourceTree = "<group>"; };
		651EF60A21B7699100EBB626 /* Baltimore.gpx */ = {isa = PBXFileReference; fileEncoding = 4; lastKnownFileType = text.xml; path = Baltimore.gpx; sourceTree = "<group>"; };
		651EF60B21B7699100EBB626 /* Chicago.gpx */ = {isa = PBXFileReference; fileEncoding = 4; lastKnownFileType = text.xml; path = Chicago.gpx; sourceTree = "<group>"; };
		651EF60C21B7699100EBB626 /* AnnArbor.gpx */ = {isa = PBXFileReference; fileEncoding = 4; lastKnownFileType = text.xml; path = AnnArbor.gpx; sourceTree = "<group>"; };
		65AAB91F219673B90097F9C7 /* Settings@3x.png */ = {isa = PBXFileReference; lastKnownFileType = image.png; path = "Settings@3x.png"; sourceTree = "<group>"; };
		65AAB920219673BA0097F9C7 /* Settings@1x.png */ = {isa = PBXFileReference; lastKnownFileType = image.png; path = "Settings@1x.png"; sourceTree = "<group>"; };
		65AAB921219673BA0097F9C7 /* Home@1x.png */ = {isa = PBXFileReference; lastKnownFileType = image.png; path = "Home@1x.png"; sourceTree = "<group>"; };
		65AAB922219673BA0097F9C7 /* Map@2x.png */ = {isa = PBXFileReference; lastKnownFileType = image.png; path = "Map@2x.png"; sourceTree = "<group>"; };
		65AAB923219673BA0097F9C7 /* Map@3x.png */ = {isa = PBXFileReference; lastKnownFileType = image.png; path = "Map@3x.png"; sourceTree = "<group>"; };
		65AAB924219673BA0097F9C7 /* Settings@2x.png */ = {isa = PBXFileReference; lastKnownFileType = image.png; path = "Settings@2x.png"; sourceTree = "<group>"; };
		65AAB925219673BA0097F9C7 /* Home@3x.png */ = {isa = PBXFileReference; lastKnownFileType = image.png; path = "Home@3x.png"; sourceTree = "<group>"; };
		65AAB926219673BA0097F9C7 /* Map@1x.png */ = {isa = PBXFileReference; lastKnownFileType = image.png; path = "Map@1x.png"; sourceTree = "<group>"; };
		65AAB927219673BA0097F9C7 /* Home@2x.png */ = {isa = PBXFileReference; lastKnownFileType = image.png; path = "Home@2x.png"; sourceTree = "<group>"; };
		65AAB93121967A120097F9C7 /* AmaticSC-Bold.ttf */ = {isa = PBXFileReference; lastKnownFileType = file; path = "AmaticSC-Bold.ttf"; sourceTree = "<group>"; };
		65AAB93221967A120097F9C7 /* AmaticSC-Regular.ttf */ = {isa = PBXFileReference; lastKnownFileType = file; path = "AmaticSC-Regular.ttf"; sourceTree = "<group>"; };
		65AEB5C321B614AD007FF406 /* YellowBW@1x.png */ = {isa = PBXFileReference; lastKnownFileType = image.png; name = "YellowBW@1x.png"; path = "../../../../graphics/InAppGraphics/SmileyFaces/originals/YellowBW@1x.png"; sourceTree = "<group>"; };
		65AEB5C421B614AD007FF406 /* Red@1x.png */ = {isa = PBXFileReference; lastKnownFileType = image.png; name = "Red@1x.png"; path = "../../../../graphics/InAppGraphics/SmileyFaces/originals/Red@1x.png"; sourceTree = "<group>"; };
		65AEB5C521B614AD007FF406 /* GreenT@3x.png */ = {isa = PBXFileReference; lastKnownFileType = image.png; name = "GreenT@3x.png"; path = "../../../../graphics/InAppGraphics/SmileyFaces/originals/GreenT@3x.png"; sourceTree = "<group>"; };
		65AEB5C621B614AD007FF406 /* Yellow@1x.png */ = {isa = PBXFileReference; lastKnownFileType = image.png; name = "Yellow@1x.png"; path = "../../../../graphics/InAppGraphics/SmileyFaces/originals/Yellow@1x.png"; sourceTree = "<group>"; };
		65AEB5C721B614AD007FF406 /* GreenBW@1x.png */ = {isa = PBXFileReference; lastKnownFileType = image.png; name = "GreenBW@1x.png"; path = "../../../../graphics/InAppGraphics/SmileyFaces/originals/GreenBW@1x.png"; sourceTree = "<group>"; };
		65AEB5C821B614AD007FF406 /* Yellow@3x.png */ = {isa = PBXFileReference; lastKnownFileType = image.png; name = "Yellow@3x.png"; path = "../../../../graphics/InAppGraphics/SmileyFaces/originals/Yellow@3x.png"; sourceTree = "<group>"; };
		65AEB5C921B614AD007FF406 /* Red@3x.png */ = {isa = PBXFileReference; lastKnownFileType = image.png; name = "Red@3x.png"; path = "../../../../graphics/InAppGraphics/SmileyFaces/originals/Red@3x.png"; sourceTree = "<group>"; };
		65AEB5CA21B614AD007FF406 /* YellowBW@2x.png */ = {isa = PBXFileReference; lastKnownFileType = image.png; name = "YellowBW@2x.png"; path = "../../../../graphics/InAppGraphics/SmileyFaces/originals/YellowBW@2x.png"; sourceTree = "<group>"; };
		65AEB5CB21B614AD007FF406 /* Green@2x.png */ = {isa = PBXFileReference; lastKnownFileType = image.png; name = "Green@2x.png"; path = "../../../../graphics/InAppGraphics/SmileyFaces/originals/Green@2x.png"; sourceTree = "<group>"; };
		65AEB5CC21B614AD007FF406 /* RedT@1x.png */ = {isa = PBXFileReference; lastKnownFileType = image.png; name = "RedT@1x.png"; path = "../../../../graphics/InAppGraphics/SmileyFaces/originals/RedT@1x.png"; sourceTree = "<group>"; };
		65AEB5CD21B614AD007FF406 /* GreenBW@3x.png */ = {isa = PBXFileReference; lastKnownFileType = image.png; name = "GreenBW@3x.png"; path = "../../../../graphics/InAppGraphics/SmileyFaces/originals/GreenBW@3x.png"; sourceTree = "<group>"; };
		65AEB5CE21B614AD007FF406 /* GreenT@1x.png */ = {isa = PBXFileReference; lastKnownFileType = image.png; name = "GreenT@1x.png"; path = "../../../../graphics/InAppGraphics/SmileyFaces/originals/GreenT@1x.png"; sourceTree = "<group>"; };
		65AEB5CF21B614AD007FF406 /* YellowBW@3x.png */ = {isa = PBXFileReference; lastKnownFileType = image.png; name = "YellowBW@3x.png"; path = "../../../../graphics/InAppGraphics/SmileyFaces/originals/YellowBW@3x.png"; sourceTree = "<group>"; };
		65AEB5D021B614AE007FF406 /* RedBW@1x.png */ = {isa = PBXFileReference; lastKnownFileType = image.png; name = "RedBW@1x.png"; path = "../../../../graphics/InAppGraphics/SmileyFaces/originals/RedBW@1x.png"; sourceTree = "<group>"; };
		65AEB5D121B614AE007FF406 /* RedT@2x.png */ = {isa = PBXFileReference; lastKnownFileType = image.png; name = "RedT@2x.png"; path = "../../../../graphics/InAppGraphics/SmileyFaces/originals/RedT@2x.png"; sourceTree = "<group>"; };
		65AEB5D221B614AE007FF406 /* RedT@3x.png */ = {isa = PBXFileReference; lastKnownFileType = image.png; name = "RedT@3x.png"; path = "../../../../graphics/InAppGraphics/SmileyFaces/originals/RedT@3x.png"; sourceTree = "<group>"; };
		65AEB5D321B614AE007FF406 /* YellowT@1x.png */ = {isa = PBXFileReference; lastKnownFileType = image.png; name = "YellowT@1x.png"; path = "../../../../graphics/InAppGraphics/SmileyFaces/originals/YellowT@1x.png"; sourceTree = "<group>"; };
		65AEB5D421B614AE007FF406 /* YellowT@2x.png */ = {isa = PBXFileReference; lastKnownFileType = image.png; name = "YellowT@2x.png"; path = "../../../../graphics/InAppGraphics/SmileyFaces/originals/YellowT@2x.png"; sourceTree = "<group>"; };
		65AEB5D521B614AE007FF406 /* YellowT@3x.png */ = {isa = PBXFileReference; lastKnownFileType = image.png; name = "YellowT@3x.png"; path = "../../../../graphics/InAppGraphics/SmileyFaces/originals/YellowT@3x.png"; sourceTree = "<group>"; };
		65AEB5D621B614AE007FF406 /* GreenT@2x.png */ = {isa = PBXFileReference; lastKnownFileType = image.png; name = "GreenT@2x.png"; path = "../../../../graphics/InAppGraphics/SmileyFaces/originals/GreenT@2x.png"; sourceTree = "<group>"; };
		65AEB5D721B614AE007FF406 /* Red@2x.png */ = {isa = PBXFileReference; lastKnownFileType = image.png; name = "Red@2x.png"; path = "../../../../graphics/InAppGraphics/SmileyFaces/originals/Red@2x.png"; sourceTree = "<group>"; };
		65AEB5D821B614AE007FF406 /* Green@1x.png */ = {isa = PBXFileReference; lastKnownFileType = image.png; name = "Green@1x.png"; path = "../../../../graphics/InAppGraphics/SmileyFaces/originals/Green@1x.png"; sourceTree = "<group>"; };
		65AEB5D921B614AE007FF406 /* Green@3x.png */ = {isa = PBXFileReference; lastKnownFileType = image.png; name = "Green@3x.png"; path = "../../../../graphics/InAppGraphics/SmileyFaces/originals/Green@3x.png"; sourceTree = "<group>"; };
		65AEB5DA21B614AE007FF406 /* Yellow@2x.png */ = {isa = PBXFileReference; lastKnownFileType = image.png; name = "Yellow@2x.png"; path = "../../../../graphics/InAppGraphics/SmileyFaces/originals/Yellow@2x.png"; sourceTree = "<group>"; };
		65AEB5DB21B614AE007FF406 /* RedBW@2x.png */ = {isa = PBXFileReference; lastKnownFileType = image.png; name = "RedBW@2x.png"; path = "../../../../graphics/InAppGraphics/SmileyFaces/originals/RedBW@2x.png"; sourceTree = "<group>"; };
		65AEB5DC21B614AE007FF406 /* RedBW@3x.png */ = {isa = PBXFileReference; lastKnownFileType = image.png; name = "RedBW@3x.png"; path = "../../../../graphics/InAppGraphics/SmileyFaces/originals/RedBW@3x.png"; sourceTree = "<group>"; };
		65AEB5DD21B614AE007FF406 /* GreenBW@2x.png */ = {isa = PBXFileReference; lastKnownFileType = image.png; name = "GreenBW@2x.png"; path = "../../../../graphics/InAppGraphics/SmileyFaces/originals/GreenBW@2x.png"; sourceTree = "<group>"; };
		65B3ECF32196531B00C83DCE /* SGLaunchTEST.png */ = {isa = PBXFileReference; lastKnownFileType = image.png; path = SGLaunchTEST.png; sourceTree = "<group>"; };
		6C4D804C21879B6A00672731 /* SafeGuide.app */ = {isa = PBXFileReference; explicitFileType = wrapper.application; includeInIndex = 0; path = SafeGuide.app; sourceTree = BUILT_PRODUCTS_DIR; };
		6C4D804F21879B6A00672731 /* AppDelegate.swift */ = {isa = PBXFileReference; lastKnownFileType = sourcecode.swift; path = AppDelegate.swift; sourceTree = "<group>"; };
		6C4D805121879B6A00672731 /* FirstViewController.swift */ = {isa = PBXFileReference; lastKnownFileType = sourcecode.swift; path = FirstViewController.swift; sourceTree = "<group>"; };
		6C4D805321879B6A00672731 /* SecondViewController.swift */ = {isa = PBXFileReference; lastKnownFileType = sourcecode.swift; path = SecondViewController.swift; sourceTree = "<group>"; };
		6C4D805621879B6A00672731 /* Base */ = {isa = PBXFileReference; lastKnownFileType = file.storyboard; name = Base; path = Base.lproj/Main.storyboard; sourceTree = "<group>"; };
		6C4D805821879B6C00672731 /* Assets.xcassets */ = {isa = PBXFileReference; lastKnownFileType = folder.assetcatalog; path = Assets.xcassets; sourceTree = "<group>"; };
		6C4D805B21879B6D00672731 /* Base */ = {isa = PBXFileReference; lastKnownFileType = file.storyboard; name = Base; path = Base.lproj/LaunchScreen.storyboard; sourceTree = "<group>"; };
		6C4D805D21879B6D00672731 /* Info.plist */ = {isa = PBXFileReference; lastKnownFileType = text.plist.xml; path = Info.plist; sourceTree = "<group>"; };
		6C4D806D21879C9900672731 /* Images.xcassets */ = {isa = PBXFileReference; lastKnownFileType = folder.assetcatalog; path = Images.xcassets; sourceTree = "<group>"; };
		6C4D807021879D4200672731 /* MarkerInfoView.swift */ = {isa = PBXFileReference; fileEncoding = 4; lastKnownFileType = sourcecode.swift; path = MarkerInfoView.swift; sourceTree = "<group>"; };
		6C4D807121879D4200672731 /* MarkerInfoView.xib */ = {isa = PBXFileReference; fileEncoding = 4; lastKnownFileType = file.xib; path = MarkerInfoView.xib; sourceTree = "<group>"; };
		6C4D807221879D4200672731 /* UIViewExtension.swift */ = {isa = PBXFileReference; fileEncoding = 4; lastKnownFileType = sourcecode.swift; path = UIViewExtension.swift; sourceTree = "<group>"; };
		6C5B2E392189EE8700F15552 /* GMapStyle.json */ = {isa = PBXFileReference; lastKnownFileType = text.json; path = GMapStyle.json; sourceTree = "<group>"; };
		6C6DA91E219E41EE00994ED9 /* CowMooCow.gpx */ = {isa = PBXFileReference; fileEncoding = 4; lastKnownFileType = text.xml; path = CowMooCow.gpx; sourceTree = "<group>"; };
		6CDA3B6D219A088700627DCF /* SharedNotificationManager.swift */ = {isa = PBXFileReference; lastKnownFileType = sourcecode.swift; path = SharedNotificationManager.swift; sourceTree = "<group>"; };
		6CE5E18921976E41008F2F09 /* ApiHelpers.swift */ = {isa = PBXFileReference; lastKnownFileType = sourcecode.swift; path = ApiHelpers.swift; sourceTree = "<group>"; };
		6CE5E18C2197718B008F2F09 /* ApiResultShapes.swift */ = {isa = PBXFileReference; lastKnownFileType = sourcecode.swift; path = ApiResultShapes.swift; sourceTree = "<group>"; };
		6CE5E18E21977A45008F2F09 /* SharedLocationManager.swift */ = {isa = PBXFileReference; lastKnownFileType = sourcecode.swift; path = SharedLocationManager.swift; sourceTree = "<group>"; };
		6CE5E19021978344008F2F09 /* Globals.swift */ = {isa = PBXFileReference; lastKnownFileType = sourcecode.swift; path = Globals.swift; sourceTree = "<group>"; };
		927E7EBACA6002FEFC947792 /* Pods-SafeGuide.release.xcconfig */ = {isa = PBXFileReference; includeInIndex = 1; lastKnownFileType = text.xcconfig; name = "Pods-SafeGuide.release.xcconfig"; path = "Pods/Target Support Files/Pods-SafeGuide/Pods-SafeGuide.release.xcconfig"; sourceTree = "<group>"; };
		AC5DE542865511DF1E8145A4 /* Pods_SafeGuide.framework */ = {isa = PBXFileReference; explicitFileType = wrapper.framework; includeInIndex = 0; path = Pods_SafeGuide.framework; sourceTree = BUILT_PRODUCTS_DIR; };
		DA841E5D070062415B1504A1 /* Pods-SafeGuide.debug.xcconfig */ = {isa = PBXFileReference; includeInIndex = 1; lastKnownFileType = text.xcconfig; name = "Pods-SafeGuide.debug.xcconfig"; path = "Pods/Target Support Files/Pods-SafeGuide/Pods-SafeGuide.debug.xcconfig"; sourceTree = "<group>"; };
/* End PBXFileReference section */

/* Begin PBXFrameworksBuildPhase section */
		6C4D804921879B6A00672731 /* Frameworks */ = {
			isa = PBXFrameworksBuildPhase;
			buildActionMask = 2147483647;
			files = (
				DF5B07EC3377E188AF3870DC /* Pods_SafeGuide.framework in Frameworks */,
			);
			runOnlyForDeploymentPostprocessing = 0;
		};
/* End PBXFrameworksBuildPhase section */

/* Begin PBXGroup section */
		3F0646E51CCB26E5C5FD9971 /* Frameworks */ = {
			isa = PBXGroup;
			children = (
				AC5DE542865511DF1E8145A4 /* Pods_SafeGuide.framework */,
			);
			name = Frameworks;
			sourceTree = "<group>";
		};
		65AAB93621967A7A0097F9C7 /* Graphics */ = {
			isa = PBXGroup;
			children = (
				65AEB5D821B614AE007FF406 /* Green@1x.png */,
				65AEB5CB21B614AD007FF406 /* Green@2x.png */,
				65AEB5D921B614AE007FF406 /* Green@3x.png */,
				65AEB5C721B614AD007FF406 /* GreenBW@1x.png */,
				65AEB5DD21B614AE007FF406 /* GreenBW@2x.png */,
				65AEB5CD21B614AD007FF406 /* GreenBW@3x.png */,
				65AEB5CE21B614AD007FF406 /* GreenT@1x.png */,
				65AEB5D621B614AE007FF406 /* GreenT@2x.png */,
				65AEB5C521B614AD007FF406 /* GreenT@3x.png */,
				65AEB5C421B614AD007FF406 /* Red@1x.png */,
				65AEB5D721B614AE007FF406 /* Red@2x.png */,
				65AEB5C921B614AD007FF406 /* Red@3x.png */,
				65AEB5D021B614AE007FF406 /* RedBW@1x.png */,
				65AEB5DB21B614AE007FF406 /* RedBW@2x.png */,
				65AEB5DC21B614AE007FF406 /* RedBW@3x.png */,
				65AEB5CC21B614AD007FF406 /* RedT@1x.png */,
				65AEB5D121B614AE007FF406 /* RedT@2x.png */,
				65AEB5D221B614AE007FF406 /* RedT@3x.png */,
				65AEB5C621B614AD007FF406 /* Yellow@1x.png */,
				65AEB5DA21B614AE007FF406 /* Yellow@2x.png */,
				65AEB5C821B614AD007FF406 /* Yellow@3x.png */,
				65AEB5C321B614AD007FF406 /* YellowBW@1x.png */,
				65AEB5CA21B614AD007FF406 /* YellowBW@2x.png */,
				65AEB5CF21B614AD007FF406 /* YellowBW@3x.png */,
				65AEB5D321B614AE007FF406 /* YellowT@1x.png */,
				65AEB5D421B614AE007FF406 /* YellowT@2x.png */,
				65AEB5D521B614AE007FF406 /* YellowT@3x.png */,
				6519D5E6219AA4EC00B2AE76 /* Circle@1x.png */,
				6519D5E4219AA4EC00B2AE76 /* Circle@2x.png */,
				6519D5E5219AA4EC00B2AE76 /* Circle@3x.png */,
				65B3ECF32196531B00C83DCE /* SGLaunchTEST.png */,
				65AAB921219673BA0097F9C7 /* Home@1x.png */,
				65AAB927219673BA0097F9C7 /* Home@2x.png */,
				65AAB925219673BA0097F9C7 /* Home@3x.png */,
				65AAB926219673BA0097F9C7 /* Map@1x.png */,
				65AAB922219673BA0097F9C7 /* Map@2x.png */,
				65AAB923219673BA0097F9C7 /* Map@3x.png */,
				65AAB920219673BA0097F9C7 /* Settings@1x.png */,
				65AAB924219673BA0097F9C7 /* Settings@2x.png */,
				65AAB91F219673B90097F9C7 /* Settings@3x.png */,
			);
			path = Graphics;
			sourceTree = "<group>";
		};
		6C4D804321879B6A00672731 = {
			isa = PBXGroup;
			children = (
				6C4D804E21879B6A00672731 /* SafeGuide */,
				6C4D804D21879B6A00672731 /* Products */,
				C4B7E8CFD7F94BA5FBC1B4EF /* Pods */,
				3F0646E51CCB26E5C5FD9971 /* Frameworks */,
			);
			sourceTree = "<group>";
		};
		6C4D804D21879B6A00672731 /* Products */ = {
			isa = PBXGroup;
			children = (
				6C4D804C21879B6A00672731 /* SafeGuide.app */,
			);
			name = Products;
			sourceTree = "<group>";
		};
		6C4D804E21879B6A00672731 /* SafeGuide */ = {
			isa = PBXGroup;
			children = (
				6CE5E18B21977169008F2F09 /* API */,
				6C4D806F21879D3100672731 /* Views */,
				6C4D806A21879C5000672731 /* Controllers */,
				6C4D805821879B6C00672731 /* Assets.xcassets */,
				6C4D805521879B6A00672731 /* Main.storyboard */,
				6C4D805A21879B6D00672731 /* LaunchScreen.storyboard */,
				6C4D805D21879B6D00672731 /* Info.plist */,
				6C4D806D21879C9900672731 /* Images.xcassets */,
				6CE5E18E21977A45008F2F09 /* SharedLocationManager.swift */,
				6CDA3B6D219A088700627DCF /* SharedNotificationManager.swift */,
				6CE5E19021978344008F2F09 /* Globals.swift */,
				6C6DA91E219E41EE00994ED9 /* CowMooCow.gpx */,
				651EF60C21B7699100EBB626 /* AnnArbor.gpx */,
				651EF60A21B7699100EBB626 /* Baltimore.gpx */,
				651EF60B21B7699100EBB626 /* Chicago.gpx */,
			);
			path = SafeGuide;
			sourceTree = "<group>";
		};
		6C4D806A21879C5000672731 /* Controllers */ = {
			isa = PBXGroup;
			children = (
				6C5B2E392189EE8700F15552 /* GMapStyle.json */,
				6516B28921B592D4002537C3 /* GMapStyleLight.json */,
				6C4D805121879B6A00672731 /* FirstViewController.swift */,
				6C4D805321879B6A00672731 /* SecondViewController.swift */,
				6516B28D21B59F1E002537C3 /* ThirdViewController.swift */,
				65AAB93121967A120097F9C7 /* AmaticSC-Bold.ttf */,
				65AAB93221967A120097F9C7 /* AmaticSC-Regular.ttf */,
				65AAB93621967A7A0097F9C7 /* Graphics */,
				6C4D804F21879B6A00672731 /* AppDelegate.swift */,
			);
			path = Controllers;
			sourceTree = "<group>";
		};
		6C4D806F21879D3100672731 /* Views */ = {
			isa = PBXGroup;
			children = (
				6C4D807021879D4200672731 /* MarkerInfoView.swift */,
				6C4D807121879D4200672731 /* MarkerInfoView.xib */,
				6C4D807221879D4200672731 /* UIViewExtension.swift */,
			);
			path = Views;
			sourceTree = "<group>";
		};
		6CE5E18B21977169008F2F09 /* API */ = {
			isa = PBXGroup;
			children = (
				6CE5E18921976E41008F2F09 /* ApiHelpers.swift */,
				6CE5E18C2197718B008F2F09 /* ApiResultShapes.swift */,
			);
			path = API;
			sourceTree = "<group>";
		};
		C4B7E8CFD7F94BA5FBC1B4EF /* Pods */ = {
			isa = PBXGroup;
			children = (
				DA841E5D070062415B1504A1 /* Pods-SafeGuide.debug.xcconfig */,
				927E7EBACA6002FEFC947792 /* Pods-SafeGuide.release.xcconfig */,
			);
			name = Pods;
			sourceTree = "<group>";
		};
/* End PBXGroup section */

/* Begin PBXNativeTarget section */
		6C4D804B21879B6A00672731 /* SafeGuide */ = {
			isa = PBXNativeTarget;
			buildConfigurationList = 6C4D806021879B6D00672731 /* Build configuration list for PBXNativeTarget "SafeGuide" */;
			buildPhases = (
				FA4B919A31BD882957E25315 /* [CP] Check Pods Manifest.lock */,
				6C4D804821879B6A00672731 /* Sources */,
				6C4D804921879B6A00672731 /* Frameworks */,
				6C4D804A21879B6A00672731 /* Resources */,
				6C6531B00A40B6FA92146C8E /* [CP] Embed Pods Frameworks */,
				0C04410BA399CED30435A9E4 /* [CP] Copy Pods Resources */,
			);
			buildRules = (
			);
			dependencies = (
			);
			name = SafeGuide;
			productName = SafeGuide;
			productReference = 6C4D804C21879B6A00672731 /* SafeGuide.app */;
			productType = "com.apple.product-type.application";
		};
/* End PBXNativeTarget section */

/* Begin PBXProject section */
		6C4D804421879B6A00672731 /* Project object */ = {
			isa = PBXProject;
			attributes = {
				LastSwiftUpdateCheck = 1000;
				LastUpgradeCheck = 1000;
				ORGANIZATIONNAME = SAFEGUIDE;
				TargetAttributes = {
					6C4D804B21879B6A00672731 = {
						CreatedOnToolsVersion = 10.0;
						SystemCapabilities = {
							com.apple.BackgroundModes = {
								enabled = 1;
							};
						};
					};
				};
			};
			buildConfigurationList = 6C4D804721879B6A00672731 /* Build configuration list for PBXProject "SafeGuide" */;
			compatibilityVersion = "Xcode 9.3";
			developmentRegion = en;
			hasScannedForEncodings = 0;
			knownRegions = (
				en,
				Base,
			);
			mainGroup = 6C4D804321879B6A00672731;
			productRefGroup = 6C4D804D21879B6A00672731 /* Products */;
			projectDirPath = "";
			projectRoot = "";
			targets = (
				6C4D804B21879B6A00672731 /* SafeGuide */,
			);
		};
/* End PBXProject section */

/* Begin PBXResourcesBuildPhase section */
		6C4D804A21879B6A00672731 /* Resources */ = {
			isa = PBXResourcesBuildPhase;
			buildActionMask = 2147483647;
			files = (
				6C4D805C21879B6D00672731 /* LaunchScreen.storyboard in Resources */,
				65AAB930219673BA0097F9C7 /* Home@2x.png in Resources */,
				65AEB5EE21B614AE007FF406 /* YellowT@1x.png in Resources */,
				6516B28A21B592D4002537C3 /* GMapStyleLight.json in Resources */,
				65AEB5EF21B614AE007FF406 /* YellowT@2x.png in Resources */,
				6C4D806E21879C9900672731 /* Images.xcassets in Resources */,
				65AEB5E221B614AE007FF406 /* GreenBW@1x.png in Resources */,
				6519D5E9219AA4EC00B2AE76 /* Circle@1x.png in Resources */,
				65AAB92D219673BA0097F9C7 /* Settings@2x.png in Resources */,
				65AEB5E921B614AE007FF406 /* GreenT@1x.png in Resources */,
				65B3ECF42196531B00C83DCE /* SGLaunchTEST.png in Resources */,
				65AEB5E521B614AE007FF406 /* YellowBW@2x.png in Resources */,
				6519D5E7219AA4EC00B2AE76 /* Circle@2x.png in Resources */,
				65AAB92F219673BA0097F9C7 /* Map@1x.png in Resources */,
				6C4D807421879D4300672731 /* MarkerInfoView.xib in Resources */,
				6C4D805921879B6C00672731 /* Assets.xcassets in Resources */,
				6C5B2E3A2189EEFE00F15552 /* GMapStyle.json in Resources */,
				65AEB5EC21B614AE007FF406 /* RedT@2x.png in Resources */,
				65AEB5F221B614AE007FF406 /* Red@2x.png in Resources */,
				65AEB5F421B614AE007FF406 /* Green@3x.png in Resources */,
				65AAB92C219673BA0097F9C7 /* Map@3x.png in Resources */,
				65AEB5F321B614AE007FF406 /* Green@1x.png in Resources */,
				65AAB928219673BA0097F9C7 /* Settings@3x.png in Resources */,
				65AEB5E021B614AE007FF406 /* GreenT@3x.png in Resources */,
				65AAB929219673BA0097F9C7 /* Settings@1x.png in Resources */,
				65AEB5E121B614AE007FF406 /* Yellow@1x.png in Resources */,
				65AAB92E219673BA0097F9C7 /* Home@3x.png in Resources */,
				65AEB5F521B614AE007FF406 /* Yellow@2x.png in Resources */,
				65AEB5E721B614AE007FF406 /* RedT@1x.png in Resources */,
				65AEB5F621B614AE007FF406 /* RedBW@2x.png in Resources */,
				65AEB5EA21B614AE007FF406 /* YellowBW@3x.png in Resources */,
				651EF60D21B7699100EBB626 /* Baltimore.gpx in Resources */,
				65AEB5DE21B614AE007FF406 /* YellowBW@1x.png in Resources */,
				6C6DA91F219E41EF00994ED9 /* CowMooCow.gpx in Resources */,
				65AAB93321967A120097F9C7 /* AmaticSC-Bold.ttf in Resources */,
				65AEB5E321B614AE007FF406 /* Yellow@3x.png in Resources */,
				65AEB5E421B614AE007FF406 /* Red@3x.png in Resources */,
				6519D5E8219AA4EC00B2AE76 /* Circle@3x.png in Resources */,
				65AEB5F021B614AE007FF406 /* YellowT@3x.png in Resources */,
				65AEB5E621B614AE007FF406 /* Green@2x.png in Resources */,
				65AEB5EB21B614AE007FF406 /* RedBW@1x.png in Resources */,
				65AEB5F721B614AE007FF406 /* RedBW@3x.png in Resources */,
				65AAB93421967A120097F9C7 /* AmaticSC-Regular.ttf in Resources */,
				65AAB92A219673BA0097F9C7 /* Home@1x.png in Resources */,
				65AEB5E821B614AE007FF406 /* GreenBW@3x.png in Resources */,
				6C4D805721879B6A00672731 /* Main.storyboard in Resources */,
				65AEB5DF21B614AE007FF406 /* Red@1x.png in Resources */,
				65AAB92B219673BA0097F9C7 /* Map@2x.png in Resources */,
				651EF60F21B7699100EBB626 /* AnnArbor.gpx in Resources */,
				65AEB5F121B614AE007FF406 /* GreenT@2x.png in Resources */,
				65AEB5ED21B614AE007FF406 /* RedT@3x.png in Resources */,
				651EF60E21B7699100EBB626 /* Chicago.gpx in Resources */,
				65AEB5F821B614AE007FF406 /* GreenBW@2x.png in Resources */,
			);
			runOnlyForDeploymentPostprocessing = 0;
		};
/* End PBXResourcesBuildPhase section */

/* Begin PBXShellScriptBuildPhase section */
		0C04410BA399CED30435A9E4 /* [CP] Copy Pods Resources */ = {
			isa = PBXShellScriptBuildPhase;
			buildActionMask = 2147483647;
			files = (
			);
			inputFileListPaths = (
			);
			inputPaths = (
				"${SRCROOT}/Pods/Target Support Files/Pods-SafeGuide/Pods-SafeGuide-resources.sh",
				"${PODS_ROOT}/GoogleMaps/Maps/Frameworks/GoogleMaps.framework/Resources/GoogleMaps.bundle",
				"${PODS_ROOT}/GooglePlaces/Frameworks/GooglePlaces.framework/Resources/GooglePlaces.bundle",
			);
			name = "[CP] Copy Pods Resources";
			outputFileListPaths = (
			);
			outputPaths = (
				"${TARGET_BUILD_DIR}/${UNLOCALIZED_RESOURCES_FOLDER_PATH}/GoogleMaps.bundle",
				"${TARGET_BUILD_DIR}/${UNLOCALIZED_RESOURCES_FOLDER_PATH}/GooglePlaces.bundle",
			);
			runOnlyForDeploymentPostprocessing = 0;
			shellPath = /bin/sh;
			shellScript = "\"${SRCROOT}/Pods/Target Support Files/Pods-SafeGuide/Pods-SafeGuide-resources.sh\"\n";
			showEnvVarsInLog = 0;
		};
		6C6531B00A40B6FA92146C8E /* [CP] Embed Pods Frameworks */ = {
			isa = PBXShellScriptBuildPhase;
			buildActionMask = 2147483647;
			files = (
			);
			inputFileListPaths = (
			);
			inputPaths = (
				"${SRCROOT}/Pods/Target Support Files/Pods-SafeGuide/Pods-SafeGuide-frameworks.sh",
				"${BUILT_PRODUCTS_DIR}/SwiftyJSON/SwiftyJSON.framework",
			);
			name = "[CP] Embed Pods Frameworks";
			outputFileListPaths = (
			);
			outputPaths = (
				"${TARGET_BUILD_DIR}/${FRAMEWORKS_FOLDER_PATH}/SwiftyJSON.framework",
			);
			runOnlyForDeploymentPostprocessing = 0;
			shellPath = /bin/sh;
			shellScript = "\"${SRCROOT}/Pods/Target Support Files/Pods-SafeGuide/Pods-SafeGuide-frameworks.sh\"\n";
			showEnvVarsInLog = 0;
		};
		FA4B919A31BD882957E25315 /* [CP] Check Pods Manifest.lock */ = {
			isa = PBXShellScriptBuildPhase;
			buildActionMask = 2147483647;
			files = (
			);
			inputFileListPaths = (
			);
			inputPaths = (
				"${PODS_PODFILE_DIR_PATH}/Podfile.lock",
				"${PODS_ROOT}/Manifest.lock",
			);
			name = "[CP] Check Pods Manifest.lock";
			outputFileListPaths = (
			);
			outputPaths = (
				"$(DERIVED_FILE_DIR)/Pods-SafeGuide-checkManifestLockResult.txt",
			);
			runOnlyForDeploymentPostprocessing = 0;
			shellPath = /bin/sh;
			shellScript = "diff \"${PODS_PODFILE_DIR_PATH}/Podfile.lock\" \"${PODS_ROOT}/Manifest.lock\" > /dev/null\nif [ $? != 0 ] ; then\n    # print error to STDERR\n    echo \"error: The sandbox is not in sync with the Podfile.lock. Run 'pod install' or update your CocoaPods installation.\" >&2\n    exit 1\nfi\n# This output is used by Xcode 'outputs' to avoid re-running this script phase.\necho \"SUCCESS\" > \"${SCRIPT_OUTPUT_FILE_0}\"\n";
			showEnvVarsInLog = 0;
		};
/* End PBXShellScriptBuildPhase section */

/* Begin PBXSourcesBuildPhase section */
		6C4D804821879B6A00672731 /* Sources */ = {
			isa = PBXSourcesBuildPhase;
			buildActionMask = 2147483647;
			files = (
				6C4D807321879D4300672731 /* MarkerInfoView.swift in Sources */,
				6CE5E18A21976E41008F2F09 /* ApiHelpers.swift in Sources */,
				6CDA3B6E219A088700627DCF /* SharedNotificationManager.swift in Sources */,
				6CE5E18F21977A45008F2F09 /* SharedLocationManager.swift in Sources */,
				6CE5E18D2197718B008F2F09 /* ApiResultShapes.swift in Sources */,
				6C4D805421879B6A00672731 /* SecondViewController.swift in Sources */,
				6C4D805021879B6A00672731 /* AppDelegate.swift in Sources */,
				6CE5E19121978344008F2F09 /* Globals.swift in Sources */,
				6516B28E21B59F1E002537C3 /* ThirdViewController.swift in Sources */,
				6C4D805221879B6A00672731 /* FirstViewController.swift in Sources */,
				6C4D807521879D4300672731 /* UIViewExtension.swift in Sources */,
			);
			runOnlyForDeploymentPostprocessing = 0;
		};
/* End PBXSourcesBuildPhase section */

/* Begin PBXVariantGroup section */
		6C4D805521879B6A00672731 /* Main.storyboard */ = {
			isa = PBXVariantGroup;
			children = (
				6C4D805621879B6A00672731 /* Base */,
			);
			name = Main.storyboard;
			sourceTree = "<group>";
		};
		6C4D805A21879B6D00672731 /* LaunchScreen.storyboard */ = {
			isa = PBXVariantGroup;
			children = (
				6C4D805B21879B6D00672731 /* Base */,
			);
			name = LaunchScreen.storyboard;
			sourceTree = "<group>";
		};
/* End PBXVariantGroup section */

/* Begin XCBuildConfiguration section */
		6C4D805E21879B6D00672731 /* Debug */ = {
			isa = XCBuildConfiguration;
			buildSettings = {
				ALWAYS_SEARCH_USER_PATHS = NO;
				CLANG_ANALYZER_NONNULL = YES;
				CLANG_ANALYZER_NUMBER_OBJECT_CONVERSION = YES_AGGRESSIVE;
				CLANG_CXX_LANGUAGE_STANDARD = "gnu++14";
				CLANG_CXX_LIBRARY = "libc++";
				CLANG_ENABLE_MODULES = YES;
				CLANG_ENABLE_OBJC_ARC = YES;
				CLANG_ENABLE_OBJC_WEAK = YES;
				CLANG_WARN_BLOCK_CAPTURE_AUTORELEASING = YES;
				CLANG_WARN_BOOL_CONVERSION = YES;
				CLANG_WARN_COMMA = YES;
				CLANG_WARN_CONSTANT_CONVERSION = YES;
				CLANG_WARN_DEPRECATED_OBJC_IMPLEMENTATIONS = YES;
				CLANG_WARN_DIRECT_OBJC_ISA_USAGE = YES_ERROR;
				CLANG_WARN_DOCUMENTATION_COMMENTS = YES;
				CLANG_WARN_EMPTY_BODY = YES;
				CLANG_WARN_ENUM_CONVERSION = YES;
				CLANG_WARN_INFINITE_RECURSION = YES;
				CLANG_WARN_INT_CONVERSION = YES;
				CLANG_WARN_NON_LITERAL_NULL_CONVERSION = YES;
				CLANG_WARN_OBJC_IMPLICIT_RETAIN_SELF = YES;
				CLANG_WARN_OBJC_LITERAL_CONVERSION = YES;
				CLANG_WARN_OBJC_ROOT_CLASS = YES_ERROR;
				CLANG_WARN_RANGE_LOOP_ANALYSIS = YES;
				CLANG_WARN_STRICT_PROTOTYPES = YES;
				CLANG_WARN_SUSPICIOUS_MOVE = YES;
				CLANG_WARN_UNGUARDED_AVAILABILITY = YES_AGGRESSIVE;
				CLANG_WARN_UNREACHABLE_CODE = YES;
				CLANG_WARN__DUPLICATE_METHOD_MATCH = YES;
				CODE_SIGN_IDENTITY = "iPhone Developer";
				COPY_PHASE_STRIP = NO;
				DEBUG_INFORMATION_FORMAT = dwarf;
				ENABLE_STRICT_OBJC_MSGSEND = YES;
				ENABLE_TESTABILITY = YES;
				GCC_C_LANGUAGE_STANDARD = gnu11;
				GCC_DYNAMIC_NO_PIC = NO;
				GCC_NO_COMMON_BLOCKS = YES;
				GCC_OPTIMIZATION_LEVEL = 0;
				GCC_PREPROCESSOR_DEFINITIONS = (
					"DEBUG=1",
					"$(inherited)",
				);
				GCC_WARN_64_TO_32_BIT_CONVERSION = YES;
				GCC_WARN_ABOUT_RETURN_TYPE = YES_ERROR;
				GCC_WARN_UNDECLARED_SELECTOR = YES;
				GCC_WARN_UNINITIALIZED_AUTOS = YES_AGGRESSIVE;
				GCC_WARN_UNUSED_FUNCTION = YES;
				GCC_WARN_UNUSED_VARIABLE = YES;
				IPHONEOS_DEPLOYMENT_TARGET = 12.0;
				MTL_ENABLE_DEBUG_INFO = INCLUDE_SOURCE;
				MTL_FAST_MATH = YES;
				ONLY_ACTIVE_ARCH = YES;
				SDKROOT = iphoneos;
				SWIFT_ACTIVE_COMPILATION_CONDITIONS = DEBUG;
				SWIFT_OPTIMIZATION_LEVEL = "-Onone";
			};
			name = Debug;
		};
		6C4D805F21879B6D00672731 /* Release */ = {
			isa = XCBuildConfiguration;
			buildSettings = {
				ALWAYS_SEARCH_USER_PATHS = NO;
				CLANG_ANALYZER_NONNULL = YES;
				CLANG_ANALYZER_NUMBER_OBJECT_CONVERSION = YES_AGGRESSIVE;
				CLANG_CXX_LANGUAGE_STANDARD = "gnu++14";
				CLANG_CXX_LIBRARY = "libc++";
				CLANG_ENABLE_MODULES = YES;
				CLANG_ENABLE_OBJC_ARC = YES;
				CLANG_ENABLE_OBJC_WEAK = YES;
				CLANG_WARN_BLOCK_CAPTURE_AUTORELEASING = YES;
				CLANG_WARN_BOOL_CONVERSION = YES;
				CLANG_WARN_COMMA = YES;
				CLANG_WARN_CONSTANT_CONVERSION = YES;
				CLANG_WARN_DEPRECATED_OBJC_IMPLEMENTATIONS = YES;
				CLANG_WARN_DIRECT_OBJC_ISA_USAGE = YES_ERROR;
				CLANG_WARN_DOCUMENTATION_COMMENTS = YES;
				CLANG_WARN_EMPTY_BODY = YES;
				CLANG_WARN_ENUM_CONVERSION = YES;
				CLANG_WARN_INFINITE_RECURSION = YES;
				CLANG_WARN_INT_CONVERSION = YES;
				CLANG_WARN_NON_LITERAL_NULL_CONVERSION = YES;
				CLANG_WARN_OBJC_IMPLICIT_RETAIN_SELF = YES;
				CLANG_WARN_OBJC_LITERAL_CONVERSION = YES;
				CLANG_WARN_OBJC_ROOT_CLASS = YES_ERROR;
				CLANG_WARN_RANGE_LOOP_ANALYSIS = YES;
				CLANG_WARN_STRICT_PROTOTYPES = YES;
				CLANG_WARN_SUSPICIOUS_MOVE = YES;
				CLANG_WARN_UNGUARDED_AVAILABILITY = YES_AGGRESSIVE;
				CLANG_WARN_UNREACHABLE_CODE = YES;
				CLANG_WARN__DUPLICATE_METHOD_MATCH = YES;
				CODE_SIGN_IDENTITY = "iPhone Developer";
				COPY_PHASE_STRIP = NO;
				DEBUG_INFORMATION_FORMAT = "dwarf-with-dsym";
				ENABLE_NS_ASSERTIONS = NO;
				ENABLE_STRICT_OBJC_MSGSEND = YES;
				GCC_C_LANGUAGE_STANDARD = gnu11;
				GCC_NO_COMMON_BLOCKS = YES;
				GCC_WARN_64_TO_32_BIT_CONVERSION = YES;
				GCC_WARN_ABOUT_RETURN_TYPE = YES_ERROR;
				GCC_WARN_UNDECLARED_SELECTOR = YES;
				GCC_WARN_UNINITIALIZED_AUTOS = YES_AGGRESSIVE;
				GCC_WARN_UNUSED_FUNCTION = YES;
				GCC_WARN_UNUSED_VARIABLE = YES;
				IPHONEOS_DEPLOYMENT_TARGET = 12.0;
				MTL_ENABLE_DEBUG_INFO = NO;
				MTL_FAST_MATH = YES;
				SDKROOT = iphoneos;
				SWIFT_COMPILATION_MODE = wholemodule;
				SWIFT_OPTIMIZATION_LEVEL = "-O";
				VALIDATE_PRODUCT = YES;
			};
			name = Release;
		};
		6C4D806121879B6D00672731 /* Debug */ = {
			isa = XCBuildConfiguration;
			baseConfigurationReference = DA841E5D070062415B1504A1 /* Pods-SafeGuide.debug.xcconfig */;
			buildSettings = {
				ASSETCATALOG_COMPILER_APPICON_NAME = AppIcon;
				CODE_SIGN_IDENTITY = "iPhone Developer";
				CODE_SIGN_STYLE = Automatic;
				DEVELOPMENT_TEAM = EX4ETDUF37;
				INFOPLIST_FILE = SafeGuide/Info.plist;
				LD_RUNPATH_SEARCH_PATHS = (
					"$(inherited)",
					"@executable_path/Frameworks",
				);
				PRODUCT_BUNDLE_IDENTIFIER = com.Seshrs.SafeGuide;
				PRODUCT_NAME = "$(TARGET_NAME)";
				PROVISIONING_PROFILE_SPECIFIER = "";
				SWIFT_VERSION = 4.2;
				TARGETED_DEVICE_FAMILY = 1;
			};
			name = Debug;
		};
		6C4D806221879B6D00672731 /* Release */ = {
			isa = XCBuildConfiguration;
			baseConfigurationReference = 927E7EBACA6002FEFC947792 /* Pods-SafeGuide.release.xcconfig */;
			buildSettings = {
				ASSETCATALOG_COMPILER_APPICON_NAME = AppIcon;
				CODE_SIGN_IDENTITY = "iPhone Developer";
				CODE_SIGN_STYLE = Automatic;
				DEVELOPMENT_TEAM = EX4ETDUF37;
				INFOPLIST_FILE = SafeGuide/Info.plist;
				LD_RUNPATH_SEARCH_PATHS = (
					"$(inherited)",
					"@executable_path/Frameworks",
				);
				PRODUCT_BUNDLE_IDENTIFIER = com.Seshrs.SafeGuide;
				PRODUCT_NAME = "$(TARGET_NAME)";
				PROVISIONING_PROFILE_SPECIFIER = "";
				SWIFT_VERSION = 4.2;
				TARGETED_DEVICE_FAMILY = 1;
			};
			name = Release;
		};
/* End XCBuildConfiguration section */

/* Begin XCConfigurationList section */
		6C4D804721879B6A00672731 /* Build configuration list for PBXProject "SafeGuide" */ = {
			isa = XCConfigurationList;
			buildConfigurations = (
				6C4D805E21879B6D00672731 /* Debug */,
				6C4D805F21879B6D00672731 /* Release */,
			);
			defaultConfigurationIsVisible = 0;
			defaultConfigurationName = Release;
		};
		6C4D806021879B6D00672731 /* Build configuration list for PBXNativeTarget "SafeGuide" */ = {
			isa = XCConfigurationList;
			buildConfigurations = (
				6C4D806121879B6D00672731 /* Debug */,
				6C4D806221879B6D00672731 /* Release */,
			);
			defaultConfigurationIsVisible = 0;
			defaultConfigurationName = Release;
		};
/* End XCConfigurationList section */
	};
	rootObject = 6C4D804421879B6A00672731 /* Project object */;
}
